
Microsoft Visual Studio Solution File, Format Version 12.00
# Visual Studio 15
VisualStudioVersion = 15.0.28010.2041
MinimumVisualStudioVersion = 10.0.40219.1
Project("{FAE04EC0-301F-11D3-BF4B-00C04F79EFBC}") = "01PersonalTitles", "ConsoleApp2\01PersonalTitles.csproj", "{A0319CE2-AF30-4718-AFEA-5136F5207635}"
EndProject
Project("{FAE04EC0-301F-11D3-BF4B-00C04F79EFBC}") = "02SmallShop", "02SmallShop\02SmallShop.csproj", "{28E87CF3-4935-43EC-BF2F-4FAA433BF34A}"
EndProject
Project("{FAE04EC0-301F-11D3-BF4B-00C04F79EFBC}") = "03PointInRectangle", "03PintInRectangle\03PointInRectangle.csproj", "{C2B06F86-35A6-47DE-865F-FD9F76B9D155}"
EndProject
Project("{FAE04EC0-301F-11D3-BF4B-00C04F79EFBC}") = "04FruitOrVegetable", "04FruitOrVegetable\04FruitOrVegetable.csproj", "{A47CF2BD-E8DA-4708-B6B5-F5681CEC6B2C}"
EndProject
Project("{FAE04EC0-301F-11D3-BF4B-00C04F79EFBC}") = "05InvalidNumber", "05InvalidNumber\05InvalidNumber.csproj", "{FF4443F6-EF73-4802-8957-8DCFA03C486D}"
EndProject
Project("{FAE04EC0-301F-11D3-BF4B-00C04F79EFBC}") = "06FruitShop", "06FruitShop\06FruitShop.csproj", "{0DD3C1E1-B995-4613-80DC-3924F8821AA7}"
EndProject
Project("{FAE04EC0-301F-11D3-BF4B-00C04F79EFBC}") = "07TradeComissions", "07TradeComissions\07TradeComissions.csproj", "{7DD45332-CAD4-4A07-BE8D-C9A30D09C2FB}"
EndProject
Project("{FAE04EC0-301F-11D3-BF4B-00C04F79EFBC}") = "08DayOfWeek", "08DayOfWeek\08DayOfWeek.csproj", "{747449C0-97D0-4625-8EE2-021C579A5E2B}"
EndProject
Project("{FAE04EC0-301F-11D3-BF4B-00C04F79EFBC}") = "09AnimalType", "09AnimalType\09AnimalType.csproj", "{B2EEAC1E-4249-4F67-A3A0-AB5C3C2432DD}"
EndProject
Project("{FAE04EC0-301F-11D3-BF4B-00C04F79EFBC}") = "10MatchTickets", "10MatchTickets\10MatchTickets.csproj", "{2F7C18DE-A969-436B-96A7-D3D739BC0041}"
EndProject
Project("{2150E333-8FDC-42A3-9474-1A3956D46DE8}") = "NestedConditionalStatementsLAB", "NestedConditionalStatementsLAB", "{952A487A-5816-4BB1-A5FB-F6F2C5933EE1}"
EndProject
Project("{2150E333-8FDC-42A3-9474-1A3956D46DE8}") = "NestedConditionalStatementsEX", "NestedConditionalStatementsEX", "{1DFA619C-8EB9-444E-BEE7-4E9A0BCA91A7}"
EndProject
Project("{FAE04EC0-301F-11D3-BF4B-00C04F79EFBC}") = "01PointOnRectangleBorder", "01PointOnRectangleBorder\01PointOnRectangleBorder.csproj", "{7403F7D1-3F05-41FE-AA7C-FA68345F023E}"
EndProject
Project("{FAE04EC0-301F-11D3-BF4B-00C04F79EFBC}") = "02Cinema", "02Cinema\02Cinema.csproj", "{8243619A-186A-4952-ACB9-5D05A0DB04A7}"
EndProject
Project("{FAE04EC0-301F-11D3-BF4B-00C04F79EFBC}") = "03Volleyball", "03Volleyball\03Volleyball.csproj", "{476550DF-D178-48AF-AA29-D3AD3DD99FE7}"
EndProject
Project("{FAE04EC0-301F-11D3-BF4B-00C04F79EFBC}") = "04SummerOutfit", "04SummerOutfit\04SummerOutfit.csproj", "{C5C3F897-C737-48C3-A84B-526562FA547F}"
EndProject
Project("{FAE04EC0-301F-11D3-BF4B-00C04F79EFBC}") = "05NewHouse", "05NewHouse\05NewHouse.csproj", "{DFE01D00-FC33-4CD0-B50A-6F6B2225CE05}"
EndProject
Project("{FAE04EC0-301F-11D3-BF4B-00C04F79EFBC}") = "06FishingBoat", "06FishingBoat\06FishingBoat.csproj", "{CF2BC775-C9C5-4ECB-9272-2BDE29266AEC}"
EndProject
Project("{FAE04EC0-301F-11D3-BF4B-00C04F79EFBC}") = "07OnTimeForTheExam", "07OnTimeForTheExam\07OnTimeForTheExam.csproj", "{4EA68978-89F0-45B1-8F44-6F4E660DCA15}"
EndProject
Project("{FAE04EC0-301F-11D3-BF4B-00C04F79EFBC}") = "08Journey", "08Journey\08Journey.csproj", "{D80D6E6E-3B39-44EE-8463-70D42426B5E0}"
EndProject
Project("{FAE04EC0-301F-11D3-BF4B-00C04F79EFBC}") = "09OperationBetweenNumbers", "09OperationBetweenNumbers\09OperationBetweenNumbers.csproj", "{42D6D33C-0A34-4410-81BA-D327C4C66BB3}"
EndProject
Project("{FAE04EC0-301F-11D3-BF4B-00C04F79EFBC}") = "10HotelRoom", "10HotelRoom\10HotelRoom.csproj", "{AFF7641A-7D42-4F81-8B56-E29A652141C1}"
EndProject
Global
	GlobalSection(SolutionConfigurationPlatforms) = preSolution
		Debug|Any CPU = Debug|Any CPU
		Release|Any CPU = Release|Any CPU
	EndGlobalSection
	GlobalSection(ProjectConfigurationPlatforms) = postSolution
		{A0319CE2-AF30-4718-AFEA-5136F5207635}.Debug|Any CPU.ActiveCfg = Debug|Any CPU
		{A0319CE2-AF30-4718-AFEA-5136F5207635}.Debug|Any CPU.Build.0 = Debug|Any CPU
		{A0319CE2-AF30-4718-AFEA-5136F5207635}.Release|Any CPU.ActiveCfg = Release|Any CPU
		{A0319CE2-AF30-4718-AFEA-5136F5207635}.Release|Any CPU.Build.0 = Release|Any CPU
		{28E87CF3-4935-43EC-BF2F-4FAA433BF34A}.Debug|Any CPU.ActiveCfg = Debug|Any CPU
		{28E87CF3-4935-43EC-BF2F-4FAA433BF34A}.Debug|Any CPU.Build.0 = Debug|Any CPU
		{28E87CF3-4935-43EC-BF2F-4FAA433BF34A}.Release|Any CPU.ActiveCfg = Release|Any CPU
		{28E87CF3-4935-43EC-BF2F-4FAA433BF34A}.Release|Any CPU.Build.0 = Release|Any CPU
		{C2B06F86-35A6-47DE-865F-FD9F76B9D155}.Debug|Any CPU.ActiveCfg = Debug|Any CPU
		{C2B06F86-35A6-47DE-865F-FD9F76B9D155}.Debug|Any CPU.Build.0 = Debug|Any CPU
		{C2B06F86-35A6-47DE-865F-FD9F76B9D155}.Release|Any CPU.ActiveCfg = Release|Any CPU
		{C2B06F86-35A6-47DE-865F-FD9F76B9D155}.Release|Any CPU.Build.0 = Release|Any CPU
		{A47CF2BD-E8DA-4708-B6B5-F5681CEC6B2C}.Debug|Any CPU.ActiveCfg = Debug|Any CPU
		{A47CF2BD-E8DA-4708-B6B5-F5681CEC6B2C}.Debug|Any CPU.Build.0 = Debug|Any CPU
		{A47CF2BD-E8DA-4708-B6B5-F5681CEC6B2C}.Release|Any CPU.ActiveCfg = Release|Any CPU
		{A47CF2BD-E8DA-4708-B6B5-F5681CEC6B2C}.Release|Any CPU.Build.0 = Release|Any CPU
		{FF4443F6-EF73-4802-8957-8DCFA03C486D}.Debug|Any CPU.ActiveCfg = Debug|Any CPU
		{FF4443F6-EF73-4802-8957-8DCFA03C486D}.Debug|Any CPU.Build.0 = Debug|Any CPU
		{FF4443F6-EF73-4802-8957-8DCFA03C486D}.Release|Any CPU.ActiveCfg = Release|Any CPU
		{FF4443F6-EF73-4802-8957-8DCFA03C486D}.Release|Any CPU.Build.0 = Release|Any CPU
		{0DD3C1E1-B995-4613-80DC-3924F8821AA7}.Debug|Any CPU.ActiveCfg = Debug|Any CPU
		{0DD3C1E1-B995-4613-80DC-3924F8821AA7}.Debug|Any CPU.Build.0 = Debug|Any CPU
		{0DD3C1E1-B995-4613-80DC-3924F8821AA7}.Release|Any CPU.ActiveCfg = Release|Any CPU
		{0DD3C1E1-B995-4613-80DC-3924F8821AA7}.Release|Any CPU.Build.0 = Release|Any CPU
		{7DD45332-CAD4-4A07-BE8D-C9A30D09C2FB}.Debug|Any CPU.ActiveCfg = Debug|Any CPU
		{7DD45332-CAD4-4A07-BE8D-C9A30D09C2FB}.Debug|Any CPU.Build.0 = Debug|Any CPU
		{7DD45332-CAD4-4A07-BE8D-C9A30D09C2FB}.Release|Any CPU.ActiveCfg = Release|Any CPU
		{7DD45332-CAD4-4A07-BE8D-C9A30D09C2FB}.Release|Any CPU.Build.0 = Release|Any CPU
		{747449C0-97D0-4625-8EE2-021C579A5E2B}.Debug|Any CPU.ActiveCfg = Debug|Any CPU
		{747449C0-97D0-4625-8EE2-021C579A5E2B}.Debug|Any CPU.Build.0 = Debug|Any CPU
		{747449C0-97D0-4625-8EE2-021C579A5E2B}.Release|Any CPU.ActiveCfg = Release|Any CPU
		{747449C0-97D0-4625-8EE2-021C579A5E2B}.Release|Any CPU.Build.0 = Release|Any CPU
		{B2EEAC1E-4249-4F67-A3A0-AB5C3C2432DD}.Debug|Any CPU.ActiveCfg = Debug|Any CPU
		{B2EEAC1E-4249-4F67-A3A0-AB5C3C2432DD}.Debug|Any CPU.Build.0 = Debug|Any CPU
		{B2EEAC1E-4249-4F67-A3A0-AB5C3C2432DD}.Release|Any CPU.ActiveCfg = Release|Any CPU
		{B2EEAC1E-4249-4F67-A3A0-AB5C3C2432DD}.Release|Any CPU.Build.0 = Release|Any CPU
		{2F7C18DE-A969-436B-96A7-D3D739BC0041}.Debug|Any CPU.ActiveCfg = Debug|Any CPU
		{2F7C18DE-A969-436B-96A7-D3D739BC0041}.Debug|Any CPU.Build.0 = Debug|Any CPU
		{2F7C18DE-A969-436B-96A7-D3D739BC0041}.Release|Any CPU.ActiveCfg = Release|Any CPU
		{2F7C18DE-A969-436B-96A7-D3D739BC0041}.Release|Any CPU.Build.0 = Release|Any CPU
		{7403F7D1-3F05-41FE-AA7C-FA68345F023E}.Debug|Any CPU.ActiveCfg = Debug|Any CPU
		{7403F7D1-3F05-41FE-AA7C-FA68345F023E}.Debug|Any CPU.Build.0 = Debug|Any CPU
		{7403F7D1-3F05-41FE-AA7C-FA68345F023E}.Release|Any CPU.ActiveCfg = Release|Any CPU
		{7403F7D1-3F05-41FE-AA7C-FA68345F023E}.Release|Any CPU.Build.0 = Release|Any CPU
		{8243619A-186A-4952-ACB9-5D05A0DB04A7}.Debug|Any CPU.ActiveCfg = Debug|Any CPU
		{8243619A-186A-4952-ACB9-5D05A0DB04A7}.Debug|Any CPU.Build.0 = Debug|Any CPU
		{8243619A-186A-4952-ACB9-5D05A0DB04A7}.Release|Any CPU.ActiveCfg = Release|Any CPU
		{8243619A-186A-4952-ACB9-5D05A0DB04A7}.Release|Any CPU.Build.0 = Release|Any CPU
		{476550DF-D178-48AF-AA29-D3AD3DD99FE7}.Debug|Any CPU.ActiveCfg = Debug|Any CPU
		{476550DF-D178-48AF-AA29-D3AD3DD99FE7}.Debug|Any CPU.Build.0 = Debug|Any CPU
		{476550DF-D178-48AF-AA29-D3AD3DD99FE7}.Release|Any CPU.ActiveCfg = Release|Any CPU
		{476550DF-D178-48AF-AA29-D3AD3DD99FE7}.Release|Any CPU.Build.0 = Release|Any CPU
		{C5C3F897-C737-48C3-A84B-526562FA547F}.Debug|Any CPU.ActiveCfg = Debug|Any CPU
		{C5C3F897-C737-48C3-A84B-526562FA547F}.Debug|Any CPU.Build.0 = Debug|Any CPU
		{C5C3F897-C737-48C3-A84B-526562FA547F}.Release|Any CPU.ActiveCfg = Release|Any CPU
		{C5C3F897-C737-48C3-A84B-526562FA547F}.Release|Any CPU.Build.0 = Release|Any CPU
		{DFE01D00-FC33-4CD0-B50A-6F6B2225CE05}.Debug|Any CPU.ActiveCfg = Debug|Any CPU
		{DFE01D00-FC33-4CD0-B50A-6F6B2225CE05}.Debug|Any CPU.Build.0 = Debug|Any CPU
		{DFE01D00-FC33-4CD0-B50A-6F6B2225CE05}.Release|Any CPU.ActiveCfg = Release|Any CPU
		{DFE01D00-FC33-4CD0-B50A-6F6B2225CE05}.Release|Any CPU.Build.0 = Release|Any CPU
		{CF2BC775-C9C5-4ECB-9272-2BDE29266AEC}.Debug|Any CPU.ActiveCfg = Debug|Any CPU
		{CF2BC775-C9C5-4ECB-9272-2BDE29266AEC}.Debug|Any CPU.Build.0 = Debug|Any CPU
		{CF2BC775-C9C5-4ECB-9272-2BDE29266AEC}.Release|Any CPU.ActiveCfg = Release|Any CPU
		{CF2BC775-C9C5-4ECB-9272-2BDE29266AEC}.Release|Any CPU.Build.0 = Release|Any CPU
		{4EA68978-89F0-45B1-8F44-6F4E660DCA15}.Debug|Any CPU.ActiveCfg = Debug|Any CPU
		{4EA68978-89F0-45B1-8F44-6F4E660DCA15}.Debug|Any CPU.Build.0 = Debug|Any CPU
		{4EA68978-89F0-45B1-8F44-6F4E660DCA15}.Release|Any CPU.ActiveCfg = Release|Any CPU
		{4EA68978-89F0-45B1-8F44-6F4E660DCA15}.Release|Any CPU.Build.0 = Release|Any CPU
		{D80D6E6E-3B39-44EE-8463-70D42426B5E0}.Debug|Any CPU.ActiveCfg = Debug|Any CPU
		{D80D6E6E-3B39-44EE-8463-70D42426B5E0}.Debug|Any CPU.Build.0 = Debug|Any CPU
		{D80D6E6E-3B39-44EE-8463-70D42426B5E0}.Release|Any CPU.ActiveCfg = Release|Any CPU
		{D80D6E6E-3B39-44EE-8463-70D42426B5E0}.Release|Any CPU.Build.0 = Release|Any CPU
		{42D6D33C-0A34-4410-81BA-D327C4C66BB3}.Debug|Any CPU.ActiveCfg = Debug|Any CPU
		{42D6D33C-0A34-4410-81BA-D327C4C66BB3}.Debug|Any CPU.Build.0 = Debug|Any CPU
		{42D6D33C-0A34-4410-81BA-D327C4C66BB3}.Release|Any CPU.ActiveCfg = Release|Any CPU
		{42D6D33C-0A34-4410-81BA-D327C4C66BB3}.Release|Any CPU.Build.0 = Release|Any CPU
		{AFF7641A-7D42-4F81-8B56-E29A652141C1}.Debug|Any CPU.ActiveCfg = Debug|Any CPU
		{AFF7641A-7D42-4F81-8B56-E29A652141C1}.Debug|Any CPU.Build.0 = Debug|Any CPU
		{AFF7641A-7D42-4F81-8B56-E29A652141C1}.Release|Any CPU.ActiveCfg = Release|Any CPU
		{AFF7641A-7D42-4F81-8B56-E29A652141C1}.Release|Any CPU.Build.0 = Release|Any CPU
	EndGlobalSection
	GlobalSection(SolutionProperties) = preSolution
		HideSolutionNode = FALSE
	EndGlobalSection
	GlobalSection(NestedProjects) = preSolution
		{A0319CE2-AF30-4718-AFEA-5136F5207635} = {952A487A-5816-4BB1-A5FB-F6F2C5933EE1}
		{28E87CF3-4935-43EC-BF2F-4FAA433BF34A} = {952A487A-5816-4BB1-A5FB-F6F2C5933EE1}
		{C2B06F86-35A6-47DE-865F-FD9F76B9D155} = {952A487A-5816-4BB1-A5FB-F6F2C5933EE1}
		{A47CF2BD-E8DA-4708-B6B5-F5681CEC6B2C} = {952A487A-5816-4BB1-A5FB-F6F2C5933EE1}
		{FF4443F6-EF73-4802-8957-8DCFA03C486D} = {952A487A-5816-4BB1-A5FB-F6F2C5933EE1}
		{0DD3C1E1-B995-4613-80DC-3924F8821AA7} = {952A487A-5816-4BB1-A5FB-F6F2C5933EE1}
		{7DD45332-CAD4-4A07-BE8D-C9A30D09C2FB} = {952A487A-5816-4BB1-A5FB-F6F2C5933EE1}
		{747449C0-97D0-4625-8EE2-021C579A5E2B} = {952A487A-5816-4BB1-A5FB-F6F2C5933EE1}
		{B2EEAC1E-4249-4F67-A3A0-AB5C3C2432DD} = {952A487A-5816-4BB1-A5FB-F6F2C5933EE1}
		{2F7C18DE-A969-436B-96A7-D3D739BC0041} = {952A487A-5816-4BB1-A5FB-F6F2C5933EE1}
		{7403F7D1-3F05-41FE-AA7C-FA68345F023E} = {1DFA619C-8EB9-444E-BEE7-4E9A0BCA91A7}
		{8243619A-186A-4952-ACB9-5D05A0DB04A7} = {1DFA619C-8EB9-444E-BEE7-4E9A0BCA91A7}
		{476550DF-D178-48AF-AA29-D3AD3DD99FE7} = {1DFA619C-8EB9-444E-BEE7-4E9A0BCA91A7}
		{C5C3F897-C737-48C3-A84B-526562FA547F} = {1DFA619C-8EB9-444E-BEE7-4E9A0BCA91A7}
		{DFE01D00-FC33-4CD0-B50A-6F6B2225CE05} = {1DFA619C-8EB9-444E-BEE7-4E9A0BCA91A7}
		{CF2BC775-C9C5-4ECB-9272-2BDE29266AEC} = {1DFA619C-8EB9-444E-BEE7-4E9A0BCA91A7}
		{4EA68978-89F0-45B1-8F44-6F4E660DCA15} = {1DFA619C-8EB9-444E-BEE7-4E9A0BCA91A7}
		{D80D6E6E-3B39-44EE-8463-70D42426B5E0} = {1DFA619C-8EB9-444E-BEE7-4E9A0BCA91A7}
		{42D6D33C-0A34-4410-81BA-D327C4C66BB3} = {1DFA619C-8EB9-444E-BEE7-4E9A0BCA91A7}
		{AFF7641A-7D42-4F81-8B56-E29A652141C1} = {1DFA619C-8EB9-444E-BEE7-4E9A0BCA91A7}
	EndGlobalSection
	GlobalSection(ExtensibilityGlobals) = postSolution
		SolutionGuid = {5477981A-000E-418A-A5A4-39B171C4BD10}
	EndGlobalSection
EndGlobal
