
Microsoft Visual Studio Solution File, Format Version 12.00
# Visual Studio 15
VisualStudioVersion = 15.0.28010.2041
MinimumVisualStudioVersion = 10.0.40219.1
Project("{FAE04EC0-301F-11D3-BF4B-00C04F79EFBC}") = "09Moving", "01\09Moving.csproj", "{9F12EFD8-D811-41CE-B7B4-59CC7E3EA446}"
EndProject
Project("{FAE04EC0-301F-11D3-BF4B-00C04F79EFBC}") = "01NumberInRange", "01NumberInRange\01NumberInRange.csproj", "{3E336B2C-5FFB-418F-BE36-83BC2CA04874}"
EndProject
Project("{FAE04EC0-301F-11D3-BF4B-00C04F79EFBC}") = "02Graduation", "02Graduation\02Graduation.csproj", "{3B44B2F7-7992-4907-A960-05A60229BE18}"
EndProject
Project("{FAE04EC0-301F-11D3-BF4B-00C04F79EFBC}") = "03Graduationp2", "03Graduationp2\03Graduationp2.csproj", "{531850C6-C561-4F17-95C0-0BDB13468B1D}"
EndProject
Project("{FAE04EC0-301F-11D3-BF4B-00C04F79EFBC}") = "04NumberSequence", "04NumberSequence\04NumberSequence.csproj", "{159F4623-5EC4-4057-B9E6-421C9D92B0B6}"
EndProject
Project("{FAE04EC0-301F-11D3-BF4B-00C04F79EFBC}") = "05Walking", "05Walking\05Walking.csproj", "{B40ACA4E-F060-4D99-BF95-610D5CE64D98}"
EndProject
Project("{FAE04EC0-301F-11D3-BF4B-00C04F79EFBC}") = "06AccountBalance", "06AccountBalance\06AccountBalance.csproj", "{DD5D512C-5B58-4FFD-A67C-FB8FC737A4AA}"
EndProject
Project("{FAE04EC0-301F-11D3-BF4B-00C04F79EFBC}") = "07WaterDispenser", "07WaterDispenser\07WaterDispenser.csproj", "{530D8B82-D3A0-4CE0-AAA3-241CC2F954E5}"
EndProject
Project("{FAE04EC0-301F-11D3-BF4B-00C04F79EFBC}") = "08Sequence2k+1", "08Sequence2k+1\08Sequence2k+1.csproj", "{0E7D3D92-1A47-4F90-86D3-7FE13D9300CE}"
EndProject
Project("{FAE04EC0-301F-11D3-BF4B-00C04F79EFBC}") = "test", "test\test.csproj", "{A1A7CC83-C082-4FAF-AE87-E2EC2E12BF7B}"
EndProject
Project("{FAE04EC0-301F-11D3-BF4B-00C04F79EFBC}") = "test2", "test2\test2.csproj", "{B4CE239D-8951-49A9-B362-88EA0BEBE516}"
EndProject
Global
	GlobalSection(SolutionConfigurationPlatforms) = preSolution
		Debug|Any CPU = Debug|Any CPU
		Release|Any CPU = Release|Any CPU
	EndGlobalSection
	GlobalSection(ProjectConfigurationPlatforms) = postSolution
		{9F12EFD8-D811-41CE-B7B4-59CC7E3EA446}.Debug|Any CPU.ActiveCfg = Debug|Any CPU
		{9F12EFD8-D811-41CE-B7B4-59CC7E3EA446}.Debug|Any CPU.Build.0 = Debug|Any CPU
		{9F12EFD8-D811-41CE-B7B4-59CC7E3EA446}.Release|Any CPU.ActiveCfg = Release|Any CPU
		{9F12EFD8-D811-41CE-B7B4-59CC7E3EA446}.Release|Any CPU.Build.0 = Release|Any CPU
		{3E336B2C-5FFB-418F-BE36-83BC2CA04874}.Debug|Any CPU.ActiveCfg = Debug|Any CPU
		{3E336B2C-5FFB-418F-BE36-83BC2CA04874}.Debug|Any CPU.Build.0 = Debug|Any CPU
		{3E336B2C-5FFB-418F-BE36-83BC2CA04874}.Release|Any CPU.ActiveCfg = Release|Any CPU
		{3E336B2C-5FFB-418F-BE36-83BC2CA04874}.Release|Any CPU.Build.0 = Release|Any CPU
		{3B44B2F7-7992-4907-A960-05A60229BE18}.Debug|Any CPU.ActiveCfg = Debug|Any CPU
		{3B44B2F7-7992-4907-A960-05A60229BE18}.Debug|Any CPU.Build.0 = Debug|Any CPU
		{3B44B2F7-7992-4907-A960-05A60229BE18}.Release|Any CPU.ActiveCfg = Release|Any CPU
		{3B44B2F7-7992-4907-A960-05A60229BE18}.Release|Any CPU.Build.0 = Release|Any CPU
		{531850C6-C561-4F17-95C0-0BDB13468B1D}.Debug|Any CPU.ActiveCfg = Debug|Any CPU
		{531850C6-C561-4F17-95C0-0BDB13468B1D}.Debug|Any CPU.Build.0 = Debug|Any CPU
		{531850C6-C561-4F17-95C0-0BDB13468B1D}.Release|Any CPU.ActiveCfg = Release|Any CPU
		{531850C6-C561-4F17-95C0-0BDB13468B1D}.Release|Any CPU.Build.0 = Release|Any CPU
		{159F4623-5EC4-4057-B9E6-421C9D92B0B6}.Debug|Any CPU.ActiveCfg = Debug|Any CPU
		{159F4623-5EC4-4057-B9E6-421C9D92B0B6}.Debug|Any CPU.Build.0 = Debug|Any CPU
		{159F4623-5EC4-4057-B9E6-421C9D92B0B6}.Release|Any CPU.ActiveCfg = Release|Any CPU
		{159F4623-5EC4-4057-B9E6-421C9D92B0B6}.Release|Any CPU.Build.0 = Release|Any CPU
		{B40ACA4E-F060-4D99-BF95-610D5CE64D98}.Debug|Any CPU.ActiveCfg = Debug|Any CPU
		{B40ACA4E-F060-4D99-BF95-610D5CE64D98}.Debug|Any CPU.Build.0 = Debug|Any CPU
		{B40ACA4E-F060-4D99-BF95-610D5CE64D98}.Release|Any CPU.ActiveCfg = Release|Any CPU
		{B40ACA4E-F060-4D99-BF95-610D5CE64D98}.Release|Any CPU.Build.0 = Release|Any CPU
		{DD5D512C-5B58-4FFD-A67C-FB8FC737A4AA}.Debug|Any CPU.ActiveCfg = Debug|Any CPU
		{DD5D512C-5B58-4FFD-A67C-FB8FC737A4AA}.Debug|Any CPU.Build.0 = Debug|Any CPU
		{DD5D512C-5B58-4FFD-A67C-FB8FC737A4AA}.Release|Any CPU.ActiveCfg = Release|Any CPU
		{DD5D512C-5B58-4FFD-A67C-FB8FC737A4AA}.Release|Any CPU.Build.0 = Release|Any CPU
		{530D8B82-D3A0-4CE0-AAA3-241CC2F954E5}.Debug|Any CPU.ActiveCfg = Debug|Any CPU
		{530D8B82-D3A0-4CE0-AAA3-241CC2F954E5}.Debug|Any CPU.Build.0 = Debug|Any CPU
		{530D8B82-D3A0-4CE0-AAA3-241CC2F954E5}.Release|Any CPU.ActiveCfg = Release|Any CPU
		{530D8B82-D3A0-4CE0-AAA3-241CC2F954E5}.Release|Any CPU.Build.0 = Release|Any CPU
		{0E7D3D92-1A47-4F90-86D3-7FE13D9300CE}.Debug|Any CPU.ActiveCfg = Debug|Any CPU
		{0E7D3D92-1A47-4F90-86D3-7FE13D9300CE}.Debug|Any CPU.Build.0 = Debug|Any CPU
		{0E7D3D92-1A47-4F90-86D3-7FE13D9300CE}.Release|Any CPU.ActiveCfg = Release|Any CPU
		{0E7D3D92-1A47-4F90-86D3-7FE13D9300CE}.Release|Any CPU.Build.0 = Release|Any CPU
		{A1A7CC83-C082-4FAF-AE87-E2EC2E12BF7B}.Debug|Any CPU.ActiveCfg = Debug|Any CPU
		{A1A7CC83-C082-4FAF-AE87-E2EC2E12BF7B}.Debug|Any CPU.Build.0 = Debug|Any CPU
		{A1A7CC83-C082-4FAF-AE87-E2EC2E12BF7B}.Release|Any CPU.ActiveCfg = Release|Any CPU
		{A1A7CC83-C082-4FAF-AE87-E2EC2E12BF7B}.Release|Any CPU.Build.0 = Release|Any CPU
		{B4CE239D-8951-49A9-B362-88EA0BEBE516}.Debug|Any CPU.ActiveCfg = Debug|Any CPU
		{B4CE239D-8951-49A9-B362-88EA0BEBE516}.Debug|Any CPU.Build.0 = Debug|Any CPU
		{B4CE239D-8951-49A9-B362-88EA0BEBE516}.Release|Any CPU.ActiveCfg = Release|Any CPU
		{B4CE239D-8951-49A9-B362-88EA0BEBE516}.Release|Any CPU.Build.0 = Release|Any CPU
	EndGlobalSection
	GlobalSection(SolutionProperties) = preSolution
		HideSolutionNode = FALSE
	EndGlobalSection
	GlobalSection(ExtensibilityGlobals) = postSolution
		SolutionGuid = {4D03A875-1C5A-497C-B1F8-C2F222298514}
	EndGlobalSection
EndGlobal
