
Microsoft Visual Studio Solution File, Format Version 12.00
# Visual Studio 15
VisualStudioVersion = 15.0.28010.2041
MinimumVisualStudioVersion = 10.0.40219.1
Project("{FAE04EC0-301F-11D3-BF4B-00C04F79EFBC}") = "01", "01\01.csproj", "{B17C5B90-9FE9-47C2-92A0-1D5CB51C62C9}"
EndProject
Project("{FAE04EC0-301F-11D3-BF4B-00C04F79EFBC}") = "02", "02\02.csproj", "{76F425CD-B0B1-4D32-ADF4-CA234D8FC8EA}"
EndProject
Project("{FAE04EC0-301F-11D3-BF4B-00C04F79EFBC}") = "MagicNumbers", "MagicNumbers\MagicNumbers.csproj", "{610B578E-7695-481F-B703-FA77ED664FDD}"
EndProject
Project("{FAE04EC0-301F-11D3-BF4B-00C04F79EFBC}") = "wedding", "wedding\wedding.csproj", "{97BF0A60-F474-4221-B739-793C7A7FDC76}"
EndProject
Global
	GlobalSection(SolutionConfigurationPlatforms) = preSolution
		Debug|Any CPU = Debug|Any CPU
		Release|Any CPU = Release|Any CPU
	EndGlobalSection
	GlobalSection(ProjectConfigurationPlatforms) = postSolution
		{B17C5B90-9FE9-47C2-92A0-1D5CB51C62C9}.Debug|Any CPU.ActiveCfg = Debug|Any CPU
		{B17C5B90-9FE9-47C2-92A0-1D5CB51C62C9}.Debug|Any CPU.Build.0 = Debug|Any CPU
		{B17C5B90-9FE9-47C2-92A0-1D5CB51C62C9}.Release|Any CPU.ActiveCfg = Release|Any CPU
		{B17C5B90-9FE9-47C2-92A0-1D5CB51C62C9}.Release|Any CPU.Build.0 = Release|Any CPU
		{76F425CD-B0B1-4D32-ADF4-CA234D8FC8EA}.Debug|Any CPU.ActiveCfg = Debug|Any CPU
		{76F425CD-B0B1-4D32-ADF4-CA234D8FC8EA}.Debug|Any CPU.Build.0 = Debug|Any CPU
		{76F425CD-B0B1-4D32-ADF4-CA234D8FC8EA}.Release|Any CPU.ActiveCfg = Release|Any CPU
		{76F425CD-B0B1-4D32-ADF4-CA234D8FC8EA}.Release|Any CPU.Build.0 = Release|Any CPU
		{610B578E-7695-481F-B703-FA77ED664FDD}.Debug|Any CPU.ActiveCfg = Debug|Any CPU
		{610B578E-7695-481F-B703-FA77ED664FDD}.Debug|Any CPU.Build.0 = Debug|Any CPU
		{610B578E-7695-481F-B703-FA77ED664FDD}.Release|Any CPU.ActiveCfg = Release|Any CPU
		{610B578E-7695-481F-B703-FA77ED664FDD}.Release|Any CPU.Build.0 = Release|Any CPU
		{97BF0A60-F474-4221-B739-793C7A7FDC76}.Debug|Any CPU.ActiveCfg = Debug|Any CPU
		{97BF0A60-F474-4221-B739-793C7A7FDC76}.Debug|Any CPU.Build.0 = Debug|Any CPU
		{97BF0A60-F474-4221-B739-793C7A7FDC76}.Release|Any CPU.ActiveCfg = Release|Any CPU
		{97BF0A60-F474-4221-B739-793C7A7FDC76}.Release|Any CPU.Build.0 = Release|Any CPU
	EndGlobalSection
	GlobalSection(SolutionProperties) = preSolution
		HideSolutionNode = FALSE
	EndGlobalSection
	GlobalSection(ExtensibilityGlobals) = postSolution
		SolutionGuid = {00F88217-15D3-4E92-93D5-F7847323B51D}
	EndGlobalSection
EndGlobal
